
Microsoft Visual Studio Solution File, Format Version 12.00
# Visual Studio Version 16
VisualStudioVersion = 16.0.31424.327
MinimumVisualStudioVersion = 10.0.40219.1
Project("{9A19103F-16F7-4668-BE54-9A1E7A4F7556}") = "WebApp1", "WebApp1\WebApp1.csproj", "{A1D19772-53D5-4CFD-85A3-148899D72C27}"
EndProject
Project("{FAE04EC0-301F-11D3-BF4B-00C04F79EFBC}") = "Controllers", "Controllers\Controllers.csproj", "{0A807A0F-BEF5-4991-8362-29062195C58E}"
EndProject
Global
	GlobalSection(SolutionConfigurationPlatforms) = preSolution
		Debug|Any CPU = Debug|Any CPU
		Release|Any CPU = Release|Any CPU
	EndGlobalSection
	GlobalSection(ProjectConfigurationPlatforms) = postSolution
		{A1D19772-53D5-4CFD-85A3-148899D72C27}.Debug|Any CPU.ActiveCfg = Debug|Any CPU
		{A1D19772-53D5-4CFD-85A3-148899D72C27}.Debug|Any CPU.Build.0 = Debug|Any CPU
		{A1D19772-53D5-4CFD-85A3-148899D72C27}.Release|Any CPU.ActiveCfg = Release|Any CPU
		{A1D19772-53D5-4CFD-85A3-148899D72C27}.Release|Any CPU.Build.0 = Release|Any CPU
		{0A807A0F-BEF5-4991-8362-29062195C58E}.Debug|Any CPU.ActiveCfg = Debug|Any CPU
		{0A807A0F-BEF5-4991-8362-29062195C58E}.Debug|Any CPU.Build.0 = Debug|Any CPU
		{0A807A0F-BEF5-4991-8362-29062195C58E}.Release|Any CPU.ActiveCfg = Release|Any CPU
		{0A807A0F-BEF5-4991-8362-29062195C58E}.Release|Any CPU.Build.0 = Release|Any CPU
	EndGlobalSection
	GlobalSection(SolutionProperties) = preSolution
		HideSolutionNode = FALSE
	EndGlobalSection
	GlobalSection(ExtensibilityGlobals) = postSolution
		SolutionGuid = {DC6E4C67-6330-4842-BC23-8558B518F7AF}
	EndGlobalSection
EndGlobal
